// !$*UTF8*$!
{
	archiveVersion = 1;
	classes = {
	};
	objectVersion = 50;
	objects = {

/* Begin PBXBuildFile section */
		84FEE2A72521C3FB00DE6C71 /* SwiftUIMapLocationAppApp.swift in Sources */ = {isa = PBXBuildFile; fileRef = 84FEE2A62521C3FB00DE6C71 /* SwiftUIMapLocationAppApp.swift */; };
		84FEE2A92521C3FB00DE6C71 /* ContentView.swift in Sources */ = {isa = PBXBuildFile; fileRef = 84FEE2A82521C3FB00DE6C71 /* ContentView.swift */; };
		84FEE2AB2521C3FC00DE6C71 /* Assets.xcassets in Resources */ = {isa = PBXBuildFile; fileRef = 84FEE2AA2521C3FC00DE6C71 /* Assets.xcassets */; };
		84FEE2AE2521C3FC00DE6C71 /* Preview Assets.xcassets in Resources */ = {isa = PBXBuildFile; fileRef = 84FEE2AD2521C3FC00DE6C71 /* Preview Assets.xcassets */; };
		84FEE2B92521C3FD00DE6C71 /* SwiftUIMapLocationAppTests.swift in Sources */ = {isa = PBXBuildFile; fileRef = 84FEE2B82521C3FD00DE6C71 /* SwiftUIMapLocationAppTests.swift */; };
		84FEE2C42521C3FD00DE6C71 /* SwiftUIMapLocationAppUITests.swift in Sources */ = {isa = PBXBuildFile; fileRef = 84FEE2C32521C3FD00DE6C71 /* SwiftUIMapLocationAppUITests.swift */; };
/* End PBXBuildFile section */

/* Begin PBXContainerItemProxy section */
		84FEE2B52521C3FD00DE6C71 /* PBXContainerItemProxy */ = {
			isa = PBXContainerItemProxy;
			containerPortal = 84FEE29B2521C3FB00DE6C71 /* Project object */;
			proxyType = 1;
			remoteGlobalIDString = 84FEE2A22521C3FB00DE6C71;
			remoteInfo = SwiftUIMapLocationApp;
		};
		84FEE2C02521C3FD00DE6C71 /* PBXContainerItemProxy */ = {
			isa = PBXContainerItemProxy;
			containerPortal = 84FEE29B2521C3FB00DE6C71 /* Project object */;
			proxyType = 1;
			remoteGlobalIDString = 84FEE2A22521C3FB00DE6C71;
			remoteInfo = SwiftUIMapLocationApp;
		};
/* End PBXContainerItemProxy section */

/* Begin PBXFileReference section */
		84FEE2A32521C3FB00DE6C71 /* SwiftUIMapLocationApp.app */ = {isa = PBXFileReference; explicitFileType = wrapper.application; includeInIndex = 0; path = SwiftUIMapLocationApp.app; sourceTree = BUILT_PRODUCTS_DIR; };
		84FEE2A62521C3FB00DE6C71 /* SwiftUIMapLocationAppApp.swift */ = {isa = PBXFileReference; lastKnownFileType = sourcecode.swift; path = SwiftUIMapLocationAppApp.swift; sourceTree = "<group>"; };
		84FEE2A82521C3FB00DE6C71 /* ContentView.swift */ = {isa = PBXFileReference; lastKnownFileType = sourcecode.swift; path = ContentView.swift; sourceTree = "<group>"; };
		84FEE2AA2521C3FC00DE6C71 /* Assets.xcassets */ = {isa = PBXFileReference; lastKnownFileType = folder.assetcatalog; path = Assets.xcassets; sourceTree = "<group>"; };
		84FEE2AD2521C3FC00DE6C71 /* Preview Assets.xcassets */ = {isa = PBXFileReference; lastKnownFileType = folder.assetcatalog; path = "Preview Assets.xcassets"; sourceTree = "<group>"; };
		84FEE2AF2521C3FC00DE6C71 /* Info.plist */ = {isa = PBXFileReference; lastKnownFileType = text.plist.xml; path = Info.plist; sourceTree = "<group>"; };
		84FEE2B42521C3FD00DE6C71 /* SwiftUIMapLocationAppTests.xctest */ = {isa = PBXFileReference; explicitFileType = wrapper.cfbundle; includeInIndex = 0; path = SwiftUIMapLocationAppTests.xctest; sourceTree = BUILT_PRODUCTS_DIR; };
		84FEE2B82521C3FD00DE6C71 /* SwiftUIMapLocationAppTests.swift */ = {isa = PBXFileReference; lastKnownFileType = sourcecode.swift; path = SwiftUIMapLocationAppTests.swift; sourceTree = "<group>"; };
		84FEE2BA2521C3FD00DE6C71 /* Info.plist */ = {isa = PBXFileReference; lastKnownFileType = text.plist.xml; path = Info.plist; sourceTree = "<group>"; };
		84FEE2BF2521C3FD00DE6C71 /* SwiftUIMapLocationAppUITests.xctest */ = {isa = PBXFileReference; explicitFileType = wrapper.cfbundle; includeInIndex = 0; path = SwiftUIMapLocationAppUITests.xctest; sourceTree = BUILT_PRODUCTS_DIR; };
		84FEE2C32521C3FD00DE6C71 /* SwiftUIMapLocationAppUITests.swift */ = {isa = PBXFileReference; lastKnownFileType = sourcecode.swift; path = SwiftUIMapLocationAppUITests.swift; sourceTree = "<group>"; };
		84FEE2C52521C3FD00DE6C71 /* Info.plist */ = {isa = PBXFileReference; lastKnownFileType = text.plist.xml; path = Info.plist; sourceTree = "<group>"; };
/* End PBXFileReference section */

/* Begin PBXFrameworksBuildPhase section */
		84FEE2A02521C3FB00DE6C71 /* Frameworks */ = {
			isa = PBXFrameworksBuildPhase;
			buildActionMask = 2147483647;
			files = (
			);
			runOnlyForDeploymentPostprocessing = 0;
		};
		84FEE2B12521C3FD00DE6C71 /* Frameworks */ = {
			isa = PBXFrameworksBuildPhase;
			buildActionMask = 2147483647;
			files = (
			);
			runOnlyForDeploymentPostprocessing = 0;
		};
		84FEE2BC2521C3FD00DE6C71 /* Frameworks */ = {
			isa = PBXFrameworksBuildPhase;
			buildActionMask = 2147483647;
			files = (
			);
			runOnlyForDeploymentPostprocessing = 0;
		};
/* End PBXFrameworksBuildPhase section */

/* Begin PBXGroup section */
		84FEE29A2521C3FB00DE6C71 = {
			isa = PBXGroup;
			children = (
				84FEE2A52521C3FB00DE6C71 /* SwiftUIMapLocationApp */,
				84FEE2B72521C3FD00DE6C71 /* SwiftUIMapLocationAppTests */,
				84FEE2C22521C3FD00DE6C71 /* SwiftUIMapLocationAppUITests */,
				84FEE2A42521C3FB00DE6C71 /* Products */,
			);
			sourceTree = "<group>";
		};
		84FEE2A42521C3FB00DE6C71 /* Products */ = {
			isa = PBXGroup;
			children = (
				84FEE2A32521C3FB00DE6C71 /* SwiftUIMapLocationApp.app */,
				84FEE2B42521C3FD00DE6C71 /* SwiftUIMapLocationAppTests.xctest */,
				84FEE2BF2521C3FD00DE6C71 /* SwiftUIMapLocationAppUITests.xctest */,
			);
			name = Products;
			sourceTree = "<group>";
		};
		84FEE2A52521C3FB00DE6C71 /* SwiftUIMapLocationApp */ = {
			isa = PBXGroup;
			children = (
				84FEE2A62521C3FB00DE6C71 /* SwiftUIMapLocationAppApp.swift */,
				84FEE2A82521C3FB00DE6C71 /* ContentView.swift */,
				84FEE2AA2521C3FC00DE6C71 /* Assets.xcassets */,
				84FEE2AF2521C3FC00DE6C71 /* Info.plist */,
				84FEE2AC2521C3FC00DE6C71 /* Preview Content */,
			);
			path = SwiftUIMapLocationApp;
			sourceTree = "<group>";
		};
		84FEE2AC2521C3FC00DE6C71 /* Preview Content */ = {
			isa = PBXGroup;
			children = (
				84FEE2AD2521C3FC00DE6C71 /* Preview Assets.xcassets */,
			);
			path = "Preview Content";
			sourceTree = "<group>";
		};
		84FEE2B72521C3FD00DE6C71 /* SwiftUIMapLocationAppTests */ = {
			isa = PBXGroup;
			children = (
				84FEE2B82521C3FD00DE6C71 /* SwiftUIMapLocationAppTests.swift */,
				84FEE2BA2521C3FD00DE6C71 /* Info.plist */,
			);
			path = SwiftUIMapLocationAppTests;
			sourceTree = "<group>";
		};
		84FEE2C22521C3FD00DE6C71 /* SwiftUIMapLocationAppUITests */ = {
			isa = PBXGroup;
			children = (
				84FEE2C32521C3FD00DE6C71 /* SwiftUIMapLocationAppUITests.swift */,
				84FEE2C52521C3FD00DE6C71 /* Info.plist */,
			);
			path = SwiftUIMapLocationAppUITests;
			sourceTree = "<group>";
		};
/* End PBXGroup section */

/* Begin PBXNativeTarget section */
		84FEE2A22521C3FB00DE6C71 /* SwiftUIMapLocationApp */ = {
			isa = PBXNativeTarget;
			buildConfigurationList = 84FEE2C82521C3FD00DE6C71 /* Build configuration list for PBXNativeTarget "SwiftUIMapLocationApp" */;
			buildPhases = (
				84FEE29F2521C3FB00DE6C71 /* Sources */,
				84FEE2A02521C3FB00DE6C71 /* Frameworks */,
				84FEE2A12521C3FB00DE6C71 /* Resources */,
			);
			buildRules = (
			);
			dependencies = (
			);
			name = SwiftUIMapLocationApp;
			productName = SwiftUIMapLocationApp;
			productReference = 84FEE2A32521C3FB00DE6C71 /* SwiftUIMapLocationApp.app */;
			productType = "com.apple.product-type.application";
		};
		84FEE2B32521C3FD00DE6C71 /* SwiftUIMapLocationAppTests */ = {
			isa = PBXNativeTarget;
			buildConfigurationList = 84FEE2CB2521C3FD00DE6C71 /* Build configuration list for PBXNativeTarget "SwiftUIMapLocationAppTests" */;
			buildPhases = (
				84FEE2B02521C3FD00DE6C71 /* Sources */,
				84FEE2B12521C3FD00DE6C71 /* Frameworks */,
				84FEE2B22521C3FD00DE6C71 /* Resources */,
			);
			buildRules = (
			);
			dependencies = (
				84FEE2B62521C3FD00DE6C71 /* PBXTargetDependency */,
			);
			name = SwiftUIMapLocationAppTests;
			productName = SwiftUIMapLocationAppTests;
			productReference = 84FEE2B42521C3FD00DE6C71 /* SwiftUIMapLocationAppTests.xctest */;
			productType = "com.apple.product-type.bundle.unit-test";
		};
		84FEE2BE2521C3FD00DE6C71 /* SwiftUIMapLocationAppUITests */ = {
			isa = PBXNativeTarget;
			buildConfigurationList = 84FEE2CE2521C3FD00DE6C71 /* Build configuration list for PBXNativeTarget "SwiftUIMapLocationAppUITests" */;
			buildPhases = (
				84FEE2BB2521C3FD00DE6C71 /* Sources */,
				84FEE2BC2521C3FD00DE6C71 /* Frameworks */,
				84FEE2BD2521C3FD00DE6C71 /* Resources */,
			);
			buildRules = (
			);
			dependencies = (
				84FEE2C12521C3FD00DE6C71 /* PBXTargetDependency */,
			);
			name = SwiftUIMapLocationAppUITests;
			productName = SwiftUIMapLocationAppUITests;
			productReference = 84FEE2BF2521C3FD00DE6C71 /* SwiftUIMapLocationAppUITests.xctest */;
			productType = "com.apple.product-type.bundle.ui-testing";
		};
/* End PBXNativeTarget section */

/* Begin PBXProject section */
		84FEE29B2521C3FB00DE6C71 /* Project object */ = {
			isa = PBXProject;
			attributes = {
				LastSwiftUpdateCheck = 1200;
				LastUpgradeCheck = 1200;
				TargetAttributes = {
					84FEE2A22521C3FB00DE6C71 = {
						CreatedOnToolsVersion = 12.0.1;
					};
					84FEE2B32521C3FD00DE6C71 = {
						CreatedOnToolsVersion = 12.0.1;
						TestTargetID = 84FEE2A22521C3FB00DE6C71;
					};
					84FEE2BE2521C3FD00DE6C71 = {
						CreatedOnToolsVersion = 12.0.1;
						TestTargetID = 84FEE2A22521C3FB00DE6C71;
					};
				};
			};
			buildConfigurationList = 84FEE29E2521C3FB00DE6C71 /* Build configuration list for PBXProject "SwiftUIMapLocationApp" */;
			compatibilityVersion = "Xcode 9.3";
			developmentRegion = en;
			hasScannedForEncodings = 0;
			knownRegions = (
				en,
				Base,
			);
			mainGroup = 84FEE29A2521C3FB00DE6C71;
			productRefGroup = 84FEE2A42521C3FB00DE6C71 /* Products */;
			projectDirPath = "";
			projectRoot = "";
			targets = (
				84FEE2A22521C3FB00DE6C71 /* SwiftUIMapLocationApp */,
				84FEE2B32521C3FD00DE6C71 /* SwiftUIMapLocationAppTests */,
				84FEE2BE2521C3FD00DE6C71 /* SwiftUIMapLocationAppUITests */,
			);
		};
/* End PBXProject section */

/* Begin PBXResourcesBuildPhase section */
		84FEE2A12521C3FB00DE6C71 /* Resources */ = {
			isa = PBXResourcesBuildPhase;
			buildActionMask = 2147483647;
			files = (
				84FEE2AE2521C3FC00DE6C71 /* Preview Assets.xcassets in Resources */,
				84FEE2AB2521C3FC00DE6C71 /* Assets.xcassets in Resources */,
			);
			runOnlyForDeploymentPostprocessing = 0;
		};
		84FEE2B22521C3FD00DE6C71 /* Resources */ = {
			isa = PBXResourcesBuildPhase;
			buildActionMask = 2147483647;
			files = (
			);
			runOnlyForDeploymentPostprocessing = 0;
		};
		84FEE2BD2521C3FD00DE6C71 /* Resources */ = {
			isa = PBXResourcesBuildPhase;
			buildActionMask = 2147483647;
			files = (
			);
			runOnlyForDeploymentPostprocessing = 0;
		};
/* End PBXResourcesBuildPhase section */

/* Begin PBXSourcesBuildPhase section */
		84FEE29F2521C3FB00DE6C71 /* Sources */ = {
			isa = PBXSourcesBuildPhase;
			buildActionMask = 2147483647;
			files = (
				84FEE2A92521C3FB00DE6C71 /* ContentView.swift in Sources */,
				84FEE2A72521C3FB00DE6C71 /* SwiftUIMapLocationAppApp.swift in Sources */,
			);
			runOnlyForDeploymentPostprocessing = 0;
		};
		84FEE2B02521C3FD00DE6C71 /* Sources */ = {
			isa = PBXSourcesBuildPhase;
			buildActionMask = 2147483647;
			files = (
				84FEE2B92521C3FD00DE6C71 /* SwiftUIMapLocationAppTests.swift in Sources */,
			);
			runOnlyForDeploymentPostprocessing = 0;
		};
		84FEE2BB2521C3FD00DE6C71 /* Sources */ = {
			isa = PBXSourcesBuildPhase;
			buildActionMask = 2147483647;
			files = (
				84FEE2C42521C3FD00DE6C71 /* SwiftUIMapLocationAppUITests.swift in Sources */,
			);
			runOnlyForDeploymentPostprocessing = 0;
		};
/* End PBXSourcesBuildPhase section */

/* Begin PBXTargetDependency section */
		84FEE2B62521C3FD00DE6C71 /* PBXTargetDependency */ = {
			isa = PBXTargetDependency;
			target = 84FEE2A22521C3FB00DE6C71 /* SwiftUIMapLocationApp */;
			targetProxy = 84FEE2B52521C3FD00DE6C71 /* PBXContainerItemProxy */;
		};
		84FEE2C12521C3FD00DE6C71 /* PBXTargetDependency */ = {
			isa = PBXTargetDependency;
			target = 84FEE2A22521C3FB00DE6C71 /* SwiftUIMapLocationApp */;
			targetProxy = 84FEE2C02521C3FD00DE6C71 /* PBXContainerItemProxy */;
		};
/* End PBXTargetDependency section */

/* Begin XCBuildConfiguration section */
		84FEE2C62521C3FD00DE6C71 /* Debug */ = {
			isa = XCBuildConfiguration;
			buildSettings = {
				ALWAYS_SEARCH_USER_PATHS = NO;
				CLANG_ANALYZER_NONNULL = YES;
				CLANG_ANALYZER_NUMBER_OBJECT_CONVERSION = YES_AGGRESSIVE;
				CLANG_CXX_LANGUAGE_STANDARD = "gnu++14";
				CLANG_CXX_LIBRARY = "libc++";
				CLANG_ENABLE_MODULES = YES;
				CLANG_ENABLE_OBJC_ARC = YES;
				CLANG_ENABLE_OBJC_WEAK = YES;
				CLANG_WARN_BLOCK_CAPTURE_AUTORELEASING = YES;
				CLANG_WARN_BOOL_CONVERSION = YES;
				CLANG_WARN_COMMA = YES;
				CLANG_WARN_CONSTANT_CONVERSION = YES;
				CLANG_WARN_DEPRECATED_OBJC_IMPLEMENTATIONS = YES;
				CLANG_WARN_DIRECT_OBJC_ISA_USAGE = YES_ERROR;
				CLANG_WARN_DOCUMENTATION_COMMENTS = YES;
				CLANG_WARN_EMPTY_BODY = YES;
				CLANG_WARN_ENUM_CONVERSION = YES;
				CLANG_WARN_INFINITE_RECURSION = YES;
				CLANG_WARN_INT_CONVERSION = YES;
				CLANG_WARN_NON_LITERAL_NULL_CONVERSION = YES;
				CLANG_WARN_OBJC_IMPLICIT_RETAIN_SELF = YES;
				CLANG_WARN_OBJC_LITERAL_CONVERSION = YES;
				CLANG_WARN_OBJC_ROOT_CLASS = YES_ERROR;
				CLANG_WARN_QUOTED_INCLUDE_IN_FRAMEWORK_HEADER = YES;
				CLANG_WARN_RANGE_LOOP_ANALYSIS = YES;
				CLANG_WARN_STRICT_PROTOTYPES = YES;
				CLANG_WARN_SUSPICIOUS_MOVE = YES;
				CLANG_WARN_UNGUARDED_AVAILABILITY = YES_AGGRESSIVE;
				CLANG_WARN_UNREACHABLE_CODE = YES;
				CLANG_WARN__DUPLICATE_METHOD_MATCH = YES;
				COPY_PHASE_STRIP = NO;
				DEBUG_INFORMATION_FORMAT = dwarf;
				ENABLE_STRICT_OBJC_MSGSEND = YES;
				ENABLE_TESTABILITY = YES;
				GCC_C_LANGUAGE_STANDARD = gnu11;
				GCC_DYNAMIC_NO_PIC = NO;
				GCC_NO_COMMON_BLOCKS = YES;
				GCC_OPTIMIZATION_LEVEL = 0;
				GCC_PREPROCESSOR_DEFINITIONS = (
					"DEBUG=1",
					"$(inherited)",
				);
				GCC_WARN_64_TO_32_BIT_CONVERSION = YES;
				GCC_WARN_ABOUT_RETURN_TYPE = YES_ERROR;
				GCC_WARN_UNDECLARED_SELECTOR = YES;
				GCC_WARN_UNINITIALIZED_AUTOS = YES_AGGRESSIVE;
				GCC_WARN_UNUSED_FUNCTION = YES;
				GCC_WARN_UNUSED_VARIABLE = YES;
				IPHONEOS_DEPLOYMENT_TARGET = 14.0;
				MTL_ENABLE_DEBUG_INFO = INCLUDE_SOURCE;
				MTL_FAST_MATH = YES;
				ONLY_ACTIVE_ARCH = YES;
				SDKROOT = iphoneos;
				SWIFT_ACTIVE_COMPILATION_CONDITIONS = DEBUG;
				SWIFT_OPTIMIZATION_LEVEL = "-Onone";
			};
			name = Debug;
		};
		84FEE2C72521C3FD00DE6C71 /* Release */ = {
			isa = XCBuildConfiguration;
			buildSettings = {
				ALWAYS_SEARCH_USER_PATHS = NO;
				CLANG_ANALYZER_NONNULL = YES;
				CLANG_ANALYZER_NUMBER_OBJECT_CONVERSION = YES_AGGRESSIVE;
				CLANG_CXX_LANGUAGE_STANDARD = "gnu++14";
				CLANG_CXX_LIBRARY = "libc++";
				CLANG_ENABLE_MODULES = YES;
				CLANG_ENABLE_OBJC_ARC = YES;
				CLANG_ENABLE_OBJC_WEAK = YES;
				CLANG_WARN_BLOCK_CAPTURE_AUTORELEASING = YES;
				CLANG_WARN_BOOL_CONVERSION = YES;
				CLANG_WARN_COMMA = YES;
				CLANG_WARN_CONSTANT_CONVERSION = YES;
				CLANG_WARN_DEPRECATED_OBJC_IMPLEMENTATIONS = YES;
				CLANG_WARN_DIRECT_OBJC_ISA_USAGE = YES_ERROR;
				CLANG_WARN_DOCUMENTATION_COMMENTS = YES;
				CLANG_WARN_EMPTY_BODY = YES;
				CLANG_WARN_ENUM_CONVERSION = YES;
				CLANG_WARN_INFINITE_RECURSION = YES;
				CLANG_WARN_INT_CONVERSION = YES;
				CLANG_WARN_NON_LITERAL_NULL_CONVERSION = YES;
				CLANG_WARN_OBJC_IMPLICIT_RETAIN_SELF = YES;
				CLANG_WARN_OBJC_LITERAL_CONVERSION = YES;
				CLANG_WARN_OBJC_ROOT_CLASS = YES_ERROR;
				CLANG_WARN_QUOTED_INCLUDE_IN_FRAMEWORK_HEADER = YES;
				CLANG_WARN_RANGE_LOOP_ANALYSIS = YES;
				CLANG_WARN_STRICT_PROTOTYPES = YES;
				CLANG_WARN_SUSPICIOUS_MOVE = YES;
				CLANG_WARN_UNGUARDED_AVAILABILITY = YES_AGGRESSIVE;
				CLANG_WARN_UNREACHABLE_CODE = YES;
				CLANG_WARN__DUPLICATE_METHOD_MATCH = YES;
				COPY_PHASE_STRIP = NO;
				DEBUG_INFORMATION_FORMAT = "dwarf-with-dsym";
				ENABLE_NS_ASSERTIONS = NO;
				ENABLE_STRICT_OBJC_MSGSEND = YES;
				GCC_C_LANGUAGE_STANDARD = gnu11;
				GCC_NO_COMMON_BLOCKS = YES;
				GCC_WARN_64_TO_32_BIT_CONVERSION = YES;
				GCC_WARN_ABOUT_RETURN_TYPE = YES_ERROR;
				GCC_WARN_UNDECLARED_SELECTOR = YES;
				GCC_WARN_UNINITIALIZED_AUTOS = YES_AGGRESSIVE;
				GCC_WARN_UNUSED_FUNCTION = YES;
				GCC_WARN_UNUSED_VARIABLE = YES;
				IPHONEOS_DEPLOYMENT_TARGET = 14.0;
				MTL_ENABLE_DEBUG_INFO = NO;
				MTL_FAST_MATH = YES;
				SDKROOT = iphoneos;
				SWIFT_COMPILATION_MODE = wholemodule;
				SWIFT_OPTIMIZATION_LEVEL = "-O";
				VALIDATE_PRODUCT = YES;
			};
			name = Release;
		};
		84FEE2C92521C3FD00DE6C71 /* Debug */ = {
			isa = XCBuildConfiguration;
			buildSettings = {
				ASSETCATALOG_COMPILER_APPICON_NAME = AppIcon;
				ASSETCATALOG_COMPILER_GLOBAL_ACCENT_COLOR_NAME = AccentColor;
				CODE_SIGN_STYLE = Automatic;
				DEVELOPMENT_ASSET_PATHS = "\"SwiftUIMapLocationApp/Preview Content\"";
				DEVELOPMENT_TEAM = DJ4L4M9LRS;
				ENABLE_PREVIEWS = YES;
				INFOPLIST_FILE = SwiftUIMapLocationApp/Info.plist;
				IPHONEOS_DEPLOYMENT_TARGET = 14.0;
				LD_RUNPATH_SEARCH_PATHS = (
					"$(inherited)",
					"@executable_path/Frameworks",
				);
				PRODUCT_BUNDLE_IDENTIFIER = dk.commonsenseit.SwiftUIMapLocationApp;
				PRODUCT_NAME = "$(TARGET_NAME)";
				SWIFT_VERSION = 5.0;
				TARGETED_DEVICE_FAMILY = "1,2";
			};
			name = Debug;
		};
		84FEE2CA2521C3FD00DE6C71 /* Release */ = {
			isa = XCBuildConfiguration;
			buildSettings = {
				ASSETCATALOG_COMPILER_APPICON_NAME = AppIcon;
				ASSETCATALOG_COMPILER_GLOBAL_ACCENT_COLOR_NAME = AccentColor;
				CODE_SIGN_STYLE = Automatic;
				DEVELOPMENT_ASSET_PATHS = "\"SwiftUIMapLocationApp/Preview Content\"";
				DEVELOPMENT_TEAM = DJ4L4M9LRS;
				ENABLE_PREVIEWS = YES;
				INFOPLIST_FILE = SwiftUIMapLocationApp/Info.plist;
				IPHONEOS_DEPLOYMENT_TARGET = 14.0;
				LD_RUNPATH_SEARCH_PATHS = (
					"$(inherited)",
					"@executable_path/Frameworks",
				);
				PRODUCT_BUNDLE_IDENTIFIER = dk.commonsenseit.SwiftUIMapLocationApp;
				PRODUCT_NAME = "$(TARGET_NAME)";
				SWIFT_VERSION = 5.0;
				TARGETED_DEVICE_FAMILY = "1,2";
			};
			name = Release;
		};
		84FEE2CC2521C3FD00DE6C71 /* Debug */ = {
			isa = XCBuildConfiguration;
			buildSettings = {
				ALWAYS_EMBED_SWIFT_STANDARD_LIBRARIES = YES;
				BUNDLE_LOADER = "$(TEST_HOST)";
				CODE_SIGN_STYLE = Automatic;
				DEVELOPMENT_TEAM = DJ4L4M9LRS;
				INFOPLIST_FILE = SwiftUIMapLocationAppTests/Info.plist;
				IPHONEOS_DEPLOYMENT_TARGET = 14.0;
				LD_RUNPATH_SEARCH_PATHS = (
					"$(inherited)",
					"@executable_path/Frameworks",
					"@loader_path/Frameworks",
				);
				PRODUCT_BUNDLE_IDENTIFIER = dk.commonsenseit.SwiftUIMapLocationAppTests;
				PRODUCT_NAME = "$(TARGET_NAME)";
				SWIFT_VERSION = 5.0;
				TARGETED_DEVICE_FAMILY = "1,2";
				TEST_HOST = "$(BUILT_PRODUCTS_DIR)/SwiftUIMapLocationApp.app/SwiftUIMapLocationApp";
			};
			name = Debug;
		};
		84FEE2CD2521C3FD00DE6C71 /* Release */ = {
			isa = XCBuildConfiguration;
			buildSettings = {
				ALWAYS_EMBED_SWIFT_STANDARD_LIBRARIES = YES;
				BUNDLE_LOADER = "$(TEST_HOST)";
				CODE_SIGN_STYLE = Automatic;
				DEVELOPMENT_TEAM = DJ4L4M9LRS;
				INFOPLIST_FILE = SwiftUIMapLocationAppTests/Info.plist;
				IPHONEOS_DEPLOYMENT_TARGET = 14.0;
				LD_RUNPATH_SEARCH_PATHS = (
					"$(inherited)",
					"@executable_path/Frameworks",
					"@loader_path/Frameworks",
				);
				PRODUCT_BUNDLE_IDENTIFIER = dk.commonsenseit.SwiftUIMapLocationAppTests;
				PRODUCT_NAME = "$(TARGET_NAME)";
				SWIFT_VERSION = 5.0;
				TARGETED_DEVICE_FAMILY = "1,2";
				TEST_HOST = "$(BUILT_PRODUCTS_DIR)/SwiftUIMapLocationApp.app/SwiftUIMapLocationApp";
			};
			name = Release;
		};
		84FEE2CF2521C3FD00DE6C71 /* Debug */ = {
			isa = XCBuildConfiguration;
			buildSettings = {
				ALWAYS_EMBED_SWIFT_STANDARD_LIBRARIES = YES;
				CODE_SIGN_STYLE = Automatic;
				DEVELOPMENT_TEAM = DJ4L4M9LRS;
				INFOPLIST_FILE = SwiftUIMapLocationAppUITests/Info.plist;
				LD_RUNPATH_SEARCH_PATHS = (
					"$(inherited)",
					"@executable_path/Frameworks",
					"@loader_path/Frameworks",
				);
				PRODUCT_BUNDLE_IDENTIFIER = dk.commonsenseit.SwiftUIMapLocationAppUITests;
				PRODUCT_NAME = "$(TARGET_NAME)";
				SWIFT_VERSION = 5.0;
				TARGETED_DEVICE_FAMILY = "1,2";
				TEST_TARGET_NAME = SwiftUIMapLocationApp;
			};
			name = Debug;
		};
		84FEE2D02521C3FD00DE6C71 /* Release */ = {
			isa = XCBuildConfiguration;
			buildSettings = {
				ALWAYS_EMBED_SWIFT_STANDARD_LIBRARIES = YES;
				CODE_SIGN_STYLE = Automatic;
				DEVELOPMENT_TEAM = DJ4L4M9LRS;
				INFOPLIST_FILE = SwiftUIMapLocationAppUITests/Info.plist;
				LD_RUNPATH_SEARCH_PATHS = (
					"$(inherited)",
					"@executable_path/Frameworks",
					"@loader_path/Frameworks",
				);
				PRODUCT_BUNDLE_IDENTIFIER = dk.commonsenseit.SwiftUIMapLocationAppUITests;
				PRODUCT_NAME = "$(TARGET_NAME)";
				SWIFT_VERSION = 5.0;
				TARGETED_DEVICE_FAMILY = "1,2";
				TEST_TARGET_NAME = SwiftUIMapLocationApp;
			};
			name = Release;
		};
/* End XCBuildConfiguration section */

/* Begin XCConfigurationList section */
		84FEE29E2521C3FB00DE6C71 /* Build configuration list for PBXProject "SwiftUIMapLocationApp" */ = {
			isa = XCConfigurationList;
			buildConfigurations = (
				84FEE2C62521C3FD00DE6C71 /* Debug */,
				84FEE2C72521C3FD00DE6C71 /* Release */,
			);
			defaultConfigurationIsVisible = 0;
			defaultConfigurationName = Release;
		};
		84FEE2C82521C3FD00DE6C71 /* Build configuration list for PBXNativeTarget "SwiftUIMapLocationApp" */ = {
			isa = XCConfigurationList;
			buildConfigurations = (
				84FEE2C92521C3FD00DE6C71 /* Debug */,
				84FEE2CA2521C3FD00DE6C71 /* Release */,
			);
			defaultConfigurationIsVisible = 0;
			defaultConfigurationName = Release;
		};
		84FEE2CB2521C3FD00DE6C71 /* Build configuration list for PBXNativeTarget "SwiftUIMapLocationAppTests" */ = {
			isa = XCConfigurationList;
			buildConfigurations = (
				84FEE2CC2521C3FD00DE6C71 /* Debug */,
				84FEE2CD2521C3FD00DE6C71 /* Release */,
			);
			defaultConfigurationIsVisible = 0;
			defaultConfigurationName = Release;
		};
		84FEE2CE2521C3FD00DE6C71 /* Build configuration list for PBXNativeTarget "SwiftUIMapLocationAppUITests" */ = {
			isa = XCConfigurationList;
			buildConfigurations = (
				84FEE2CF2521C3FD00DE6C71 /* Debug */,
				84FEE2D02521C3FD00DE6C71 /* Release */,
			);
			defaultConfigurationIsVisible = 0;
			defaultConfigurationName = Release;
		};
/* End XCConfigurationList section */
	};
	rootObject = 84FEE29B2521C3FB00DE6C71 /* Project object */;
}
